// !$*UTF8*$!
{
	archiveVersion = 1;
	classes = {
	};
	objectVersion = 46;
	objects = {

/* Begin PBXAggregateTarget section */
		"XMLCoder::XMLCoderPackageTests::ProductTarget" /* XMLCoderPackageTests */ = {
			isa = PBXAggregateTarget;
			buildConfigurationList = OBJ_70 /* Build configuration list for PBXAggregateTarget "XMLCoderPackageTests" */;
			buildPhases = (
			);
			dependencies = (
				OBJ_73 /* PBXTargetDependency */,
			);
			name = XMLCoderPackageTests;
			productName = XMLCoderPackageTests;
		};
/* End PBXAggregateTarget section */

/* Begin PBXBuildFile section */
		BF9457A621CBB498005ACFDE /* UnsignedIntegerBox.swift in Sources */ = {isa = PBXBuildFile; fileRef = BF94579C21CBB497005ACFDE /* UnsignedIntegerBox.swift */; };
		BF9457A721CBB498005ACFDE /* FloatingPointBox.swift in Sources */ = {isa = PBXBuildFile; fileRef = BF94579D21CBB497005ACFDE /* FloatingPointBox.swift */; };
		BF9457A821CBB498005ACFDE /* NullBox.swift in Sources */ = {isa = PBXBuildFile; fileRef = BF94579E21CBB497005ACFDE /* NullBox.swift */; };
		BF9457A921CBB498005ACFDE /* DictionaryBox.swift in Sources */ = {isa = PBXBuildFile; fileRef = BF94579F21CBB497005ACFDE /* DictionaryBox.swift */; };
		BF9457AA21CBB498005ACFDE /* ArrayBox.swift in Sources */ = {isa = PBXBuildFile; fileRef = BF9457A021CBB497005ACFDE /* ArrayBox.swift */; };
		BF9457AB21CBB498005ACFDE /* DecimalBox.swift in Sources */ = {isa = PBXBuildFile; fileRef = BF9457A121CBB497005ACFDE /* DecimalBox.swift */; };
		BF9457AC21CBB498005ACFDE /* SignedIntegerBox.swift in Sources */ = {isa = PBXBuildFile; fileRef = BF9457A221CBB497005ACFDE /* SignedIntegerBox.swift */; };
		BF9457AD21CBB498005ACFDE /* BoolBox.swift in Sources */ = {isa = PBXBuildFile; fileRef = BF9457A321CBB497005ACFDE /* BoolBox.swift */; };
		BF9457AE21CBB498005ACFDE /* Box.swift in Sources */ = {isa = PBXBuildFile; fileRef = BF9457A421CBB497005ACFDE /* Box.swift */; };
		BF9457AF21CBB498005ACFDE /* StringBox.swift in Sources */ = {isa = PBXBuildFile; fileRef = BF9457A521CBB498005ACFDE /* StringBox.swift */; };
		BF9457B721CBB4DB005ACFDE /* XMLHeader.swift in Sources */ = {isa = PBXBuildFile; fileRef = BF9457B121CBB4DB005ACFDE /* XMLHeader.swift */; };
		BF9457B821CBB4DB005ACFDE /* String+Extensions.swift in Sources */ = {isa = PBXBuildFile; fileRef = BF9457B221CBB4DB005ACFDE /* String+Extensions.swift */; };
		BF9457B921CBB4DB005ACFDE /* XMLStackParser.swift in Sources */ = {isa = PBXBuildFile; fileRef = BF9457B321CBB4DB005ACFDE /* XMLStackParser.swift */; };
		BF9457BA21CBB4DB005ACFDE /* ISO8601DateFormatter.swift in Sources */ = {isa = PBXBuildFile; fileRef = BF9457B421CBB4DB005ACFDE /* ISO8601DateFormatter.swift */; };
		BF9457BB21CBB4DB005ACFDE /* XMLKey.swift in Sources */ = {isa = PBXBuildFile; fileRef = BF9457B521CBB4DB005ACFDE /* XMLKey.swift */; };
		BF9457BC21CBB4DB005ACFDE /* XMLElement.swift in Sources */ = {isa = PBXBuildFile; fileRef = BF9457B621CBB4DB005ACFDE /* XMLElement.swift */; };
		D1FC040521C7EF8200065B43 /* RJISample.swift in Sources */ = {isa = PBXBuildFile; fileRef = D1FC040421C7EF8200065B43 /* RJISample.swift */; };
		OBJ_48 /* DecodingErrorExtension.swift in Sources */ = {isa = PBXBuildFile; fileRef = OBJ_10 /* DecodingErrorExtension.swift */; };
		OBJ_49 /* XMLDecoder.swift in Sources */ = {isa = PBXBuildFile; fileRef = OBJ_11 /* XMLDecoder.swift */; };
		OBJ_50 /* XMLDecodingStorage.swift in Sources */ = {isa = PBXBuildFile; fileRef = OBJ_12 /* XMLDecodingStorage.swift */; };
		OBJ_51 /* XMLKeyedDecodingContainer.swift in Sources */ = {isa = PBXBuildFile; fileRef = OBJ_13 /* XMLKeyedDecodingContainer.swift */; };
		OBJ_52 /* XMLUnkeyedDecodingContainer.swift in Sources */ = {isa = PBXBuildFile; fileRef = OBJ_14 /* XMLUnkeyedDecodingContainer.swift */; };
		OBJ_53 /* EncodingErrorExtension.swift in Sources */ = {isa = PBXBuildFile; fileRef = OBJ_16 /* EncodingErrorExtension.swift */; };
		OBJ_54 /* XMLEncoder.swift in Sources */ = {isa = PBXBuildFile; fileRef = OBJ_17 /* XMLEncoder.swift */; };
		OBJ_55 /* XMLEncodingStorage.swift in Sources */ = {isa = PBXBuildFile; fileRef = OBJ_18 /* XMLEncodingStorage.swift */; };
		OBJ_56 /* XMLKeyedEncodingContainer.swift in Sources */ = {isa = PBXBuildFile; fileRef = OBJ_19 /* XMLKeyedEncodingContainer.swift */; };
		OBJ_57 /* XMLReferencingEncoder.swift in Sources */ = {isa = PBXBuildFile; fileRef = OBJ_20 /* XMLReferencingEncoder.swift */; };
		OBJ_58 /* XMLUnkeyedEncodingContainer.swift in Sources */ = {isa = PBXBuildFile; fileRef = OBJ_21 /* XMLUnkeyedEncodingContainer.swift */; };
		OBJ_68 /* Package.swift in Sources */ = {isa = PBXBuildFile; fileRef = OBJ_6 /* Package.swift */; };
		OBJ_79 /* ArrayTest.swift in Sources */ = {isa = PBXBuildFile; fileRef = OBJ_27 /* ArrayTest.swift */; };
		OBJ_80 /* BooksTest.swift in Sources */ = {isa = PBXBuildFile; fileRef = OBJ_28 /* BooksTest.swift */; };
		OBJ_81 /* BreakfastTest.swift in Sources */ = {isa = PBXBuildFile; fileRef = OBJ_29 /* BreakfastTest.swift */; };
		OBJ_82 /* CDCatalog.swift in Sources */ = {isa = PBXBuildFile; fileRef = OBJ_30 /* CDCatalog.swift */; };
		OBJ_83 /* CDTest.swift in Sources */ = {isa = PBXBuildFile; fileRef = OBJ_31 /* CDTest.swift */; };
		OBJ_84 /* DictionaryTest.swift in Sources */ = {isa = PBXBuildFile; fileRef = OBJ_32 /* DictionaryTest.swift */; };
		OBJ_85 /* NodeEncodingStrategyTests.swift in Sources */ = {isa = PBXBuildFile; fileRef = OBJ_33 /* NodeEncodingStrategyTests.swift */; };
		OBJ_86 /* NoteTest.swift in Sources */ = {isa = PBXBuildFile; fileRef = OBJ_34 /* NoteTest.swift */; };
		OBJ_87 /* PlantCatalog.swift in Sources */ = {isa = PBXBuildFile; fileRef = OBJ_35 /* PlantCatalog.swift */; };
		OBJ_88 /* PlantTest.swift in Sources */ = {isa = PBXBuildFile; fileRef = OBJ_36 /* PlantTest.swift */; };
		OBJ_89 /* RJITest.swift in Sources */ = {isa = PBXBuildFile; fileRef = OBJ_37 /* RJITest.swift */; };
		OBJ_90 /* RelationshipsTest.swift in Sources */ = {isa = PBXBuildFile; fileRef = OBJ_38 /* RelationshipsTest.swift */; };
		OBJ_92 /* XMLCoder.framework in Frameworks */ = {isa = PBXBuildFile; fileRef = "XMLCoder::XMLCoder::Product" /* XMLCoder.framework */; };
/* End PBXBuildFile section */

/* Begin PBXContainerItemProxy section */
		D1FC040221C7ED2300065B43 /* PBXContainerItemProxy */ = {
			isa = PBXContainerItemProxy;
			containerPortal = OBJ_1 /* Project object */;
			proxyType = 1;
			remoteGlobalIDString = "XMLCoder::XMLCoder";
			remoteInfo = XMLCoder;
		};
		D1FC040321C7EF2300065B43 /* PBXContainerItemProxy */ = {
			isa = PBXContainerItemProxy;
			containerPortal = OBJ_1 /* Project object */;
			proxyType = 1;
			remoteGlobalIDString = "XMLCoder::XMLCoderTests";
			remoteInfo = XMLCoderTests;
		};
/* End PBXContainerItemProxy section */

/* Begin PBXFileReference section */
		BF94579C21CBB497005ACFDE /* UnsignedIntegerBox.swift */ = {isa = PBXFileReference; fileEncoding = 4; lastKnownFileType = sourcecode.swift; path = UnsignedIntegerBox.swift; sourceTree = "<group>"; };
		BF94579D21CBB497005ACFDE /* FloatingPointBox.swift */ = {isa = PBXFileReference; fileEncoding = 4; lastKnownFileType = sourcecode.swift; path = FloatingPointBox.swift; sourceTree = "<group>"; };
		BF94579E21CBB497005ACFDE /* NullBox.swift */ = {isa = PBXFileReference; fileEncoding = 4; lastKnownFileType = sourcecode.swift; path = NullBox.swift; sourceTree = "<group>"; };
		BF94579F21CBB497005ACFDE /* DictionaryBox.swift */ = {isa = PBXFileReference; fileEncoding = 4; lastKnownFileType = sourcecode.swift; path = DictionaryBox.swift; sourceTree = "<group>"; };
		BF9457A021CBB497005ACFDE /* ArrayBox.swift */ = {isa = PBXFileReference; fileEncoding = 4; lastKnownFileType = sourcecode.swift; path = ArrayBox.swift; sourceTree = "<group>"; };
		BF9457A121CBB497005ACFDE /* DecimalBox.swift */ = {isa = PBXFileReference; fileEncoding = 4; lastKnownFileType = sourcecode.swift; path = DecimalBox.swift; sourceTree = "<group>"; };
		BF9457A221CBB497005ACFDE /* SignedIntegerBox.swift */ = {isa = PBXFileReference; fileEncoding = 4; lastKnownFileType = sourcecode.swift; path = SignedIntegerBox.swift; sourceTree = "<group>"; };
		BF9457A321CBB497005ACFDE /* BoolBox.swift */ = {isa = PBXFileReference; fileEncoding = 4; lastKnownFileType = sourcecode.swift; path = BoolBox.swift; sourceTree = "<group>"; };
		BF9457A421CBB497005ACFDE /* Box.swift */ = {isa = PBXFileReference; fileEncoding = 4; lastKnownFileType = sourcecode.swift; path = Box.swift; sourceTree = "<group>"; };
		BF9457A521CBB498005ACFDE /* StringBox.swift */ = {isa = PBXFileReference; fileEncoding = 4; lastKnownFileType = sourcecode.swift; path = StringBox.swift; sourceTree = "<group>"; };
		BF9457B121CBB4DB005ACFDE /* XMLHeader.swift */ = {isa = PBXFileReference; fileEncoding = 4; lastKnownFileType = sourcecode.swift; path = XMLHeader.swift; sourceTree = "<group>"; };
		BF9457B221CBB4DB005ACFDE /* String+Extensions.swift */ = {isa = PBXFileReference; fileEncoding = 4; lastKnownFileType = sourcecode.swift; path = "String+Extensions.swift"; sourceTree = "<group>"; };
		BF9457B321CBB4DB005ACFDE /* XMLStackParser.swift */ = {isa = PBXFileReference; fileEncoding = 4; lastKnownFileType = sourcecode.swift; path = XMLStackParser.swift; sourceTree = "<group>"; };
		BF9457B421CBB4DB005ACFDE /* ISO8601DateFormatter.swift */ = {isa = PBXFileReference; fileEncoding = 4; lastKnownFileType = sourcecode.swift; path = ISO8601DateFormatter.swift; sourceTree = "<group>"; };
		BF9457B521CBB4DB005ACFDE /* XMLKey.swift */ = {isa = PBXFileReference; fileEncoding = 4; lastKnownFileType = sourcecode.swift; path = XMLKey.swift; sourceTree = "<group>"; };
		BF9457B621CBB4DB005ACFDE /* XMLElement.swift */ = {isa = PBXFileReference; fileEncoding = 4; lastKnownFileType = sourcecode.swift; path = XMLElement.swift; sourceTree = "<group>"; };
		D1FC040421C7EF8200065B43 /* RJISample.swift */ = {isa = PBXFileReference; lastKnownFileType = sourcecode.swift; path = RJISample.swift; sourceTree = "<group>"; };
		OBJ_10 /* DecodingErrorExtension.swift */ = {isa = PBXFileReference; lastKnownFileType = sourcecode.swift; path = DecodingErrorExtension.swift; sourceTree = "<group>"; };
		OBJ_11 /* XMLDecoder.swift */ = {isa = PBXFileReference; lastKnownFileType = sourcecode.swift; path = XMLDecoder.swift; sourceTree = "<group>"; };
		OBJ_12 /* XMLDecodingStorage.swift */ = {isa = PBXFileReference; lastKnownFileType = sourcecode.swift; path = XMLDecodingStorage.swift; sourceTree = "<group>"; };
		OBJ_13 /* XMLKeyedDecodingContainer.swift */ = {isa = PBXFileReference; lastKnownFileType = sourcecode.swift; path = XMLKeyedDecodingContainer.swift; sourceTree = "<group>"; };
		OBJ_14 /* XMLUnkeyedDecodingContainer.swift */ = {isa = PBXFileReference; lastKnownFileType = sourcecode.swift; path = XMLUnkeyedDecodingContainer.swift; sourceTree = "<group>"; };
		OBJ_16 /* EncodingErrorExtension.swift */ = {isa = PBXFileReference; lastKnownFileType = sourcecode.swift; path = EncodingErrorExtension.swift; sourceTree = "<group>"; };
		OBJ_17 /* XMLEncoder.swift */ = {isa = PBXFileReference; lastKnownFileType = sourcecode.swift; path = XMLEncoder.swift; sourceTree = "<group>"; };
		OBJ_18 /* XMLEncodingStorage.swift */ = {isa = PBXFileReference; lastKnownFileType = sourcecode.swift; path = XMLEncodingStorage.swift; sourceTree = "<group>"; };
		OBJ_19 /* XMLKeyedEncodingContainer.swift */ = {isa = PBXFileReference; lastKnownFileType = sourcecode.swift; path = XMLKeyedEncodingContainer.swift; sourceTree = "<group>"; };
		OBJ_20 /* XMLReferencingEncoder.swift */ = {isa = PBXFileReference; lastKnownFileType = sourcecode.swift; path = XMLReferencingEncoder.swift; sourceTree = "<group>"; };
		OBJ_21 /* XMLUnkeyedEncodingContainer.swift */ = {isa = PBXFileReference; lastKnownFileType = sourcecode.swift; path = XMLUnkeyedEncodingContainer.swift; sourceTree = "<group>"; };
		OBJ_27 /* ArrayTest.swift */ = {isa = PBXFileReference; lastKnownFileType = sourcecode.swift; path = ArrayTest.swift; sourceTree = "<group>"; };
		OBJ_28 /* BooksTest.swift */ = {isa = PBXFileReference; lastKnownFileType = sourcecode.swift; path = BooksTest.swift; sourceTree = "<group>"; };
		OBJ_29 /* BreakfastTest.swift */ = {isa = PBXFileReference; lastKnownFileType = sourcecode.swift; path = BreakfastTest.swift; sourceTree = "<group>"; };
		OBJ_30 /* CDCatalog.swift */ = {isa = PBXFileReference; lastKnownFileType = sourcecode.swift; path = CDCatalog.swift; sourceTree = "<group>"; };
		OBJ_31 /* CDTest.swift */ = {isa = PBXFileReference; lastKnownFileType = sourcecode.swift; path = CDTest.swift; sourceTree = "<group>"; };
		OBJ_32 /* DictionaryTest.swift */ = {isa = PBXFileReference; lastKnownFileType = sourcecode.swift; path = DictionaryTest.swift; sourceTree = "<group>"; };
		OBJ_33 /* NodeEncodingStrategyTests.swift */ = {isa = PBXFileReference; lastKnownFileType = sourcecode.swift; path = NodeEncodingStrategyTests.swift; sourceTree = "<group>"; };
		OBJ_34 /* NoteTest.swift */ = {isa = PBXFileReference; lastKnownFileType = sourcecode.swift; path = NoteTest.swift; sourceTree = "<group>"; };
		OBJ_35 /* PlantCatalog.swift */ = {isa = PBXFileReference; lastKnownFileType = sourcecode.swift; path = PlantCatalog.swift; sourceTree = "<group>"; };
		OBJ_36 /* PlantTest.swift */ = {isa = PBXFileReference; lastKnownFileType = sourcecode.swift; path = PlantTest.swift; sourceTree = "<group>"; };
		OBJ_37 /* RJITest.swift */ = {isa = PBXFileReference; lastKnownFileType = sourcecode.swift; path = RJITest.swift; sourceTree = "<group>"; };
		OBJ_38 /* RelationshipsTest.swift */ = {isa = PBXFileReference; lastKnownFileType = sourcecode.swift; path = RelationshipsTest.swift; sourceTree = "<group>"; };
		OBJ_39 /* build */ = {isa = PBXFileReference; lastKnownFileType = folder; path = build; sourceTree = SOURCE_ROOT; };
		OBJ_6 /* Package.swift */ = {isa = PBXFileReference; explicitFileType = sourcecode.swift; path = Package.swift; sourceTree = "<group>"; };
		"XMLCoder::XMLCoder::Product" /* XMLCoder.framework */ = {isa = PBXFileReference; lastKnownFileType = wrapper.framework; path = XMLCoder.framework; sourceTree = BUILT_PRODUCTS_DIR; };
		"XMLCoder::XMLCoderTests::Product" /* XMLCoderTests.xctest */ = {isa = PBXFileReference; lastKnownFileType = file; path = XMLCoderTests.xctest; sourceTree = BUILT_PRODUCTS_DIR; };
/* End PBXFileReference section */

/* Begin PBXFrameworksBuildPhase section */
		OBJ_62 /* Frameworks */ = {
			isa = PBXFrameworksBuildPhase;
			buildActionMask = 0;
			files = (
			);
			runOnlyForDeploymentPostprocessing = 0;
		};
		OBJ_91 /* Frameworks */ = {
			isa = PBXFrameworksBuildPhase;
			buildActionMask = 0;
			files = (
				OBJ_92 /* XMLCoder.framework in Frameworks */,
			);
			runOnlyForDeploymentPostprocessing = 0;
		};
/* End PBXFrameworksBuildPhase section */

/* Begin PBXGroup section */
		BF94578721CBB454005ACFDE /* Box */ = {
			isa = PBXGroup;
			children = (
				BF9457A421CBB497005ACFDE /* Box.swift */,
				BF94579E21CBB497005ACFDE /* NullBox.swift */,
				BF9457A321CBB497005ACFDE /* BoolBox.swift */,
				BF9457A221CBB497005ACFDE /* SignedIntegerBox.swift */,
				BF94579C21CBB497005ACFDE /* UnsignedIntegerBox.swift */,
				BF94579D21CBB497005ACFDE /* FloatingPointBox.swift */,
				BF9457A121CBB497005ACFDE /* DecimalBox.swift */,
				BF9457A521CBB498005ACFDE /* StringBox.swift */,
				BF9457A021CBB497005ACFDE /* ArrayBox.swift */,
				BF94579F21CBB497005ACFDE /* DictionaryBox.swift */,
			);
			path = Box;
			sourceTree = "<group>";
		};
		BF9457B021CBB4DB005ACFDE /* Auxiliaries */ = {
			isa = PBXGroup;
			children = (
				BF9457B121CBB4DB005ACFDE /* XMLHeader.swift */,
				BF9457B221CBB4DB005ACFDE /* String+Extensions.swift */,
				BF9457B321CBB4DB005ACFDE /* XMLStackParser.swift */,
				BF9457B421CBB4DB005ACFDE /* ISO8601DateFormatter.swift */,
				BF9457B521CBB4DB005ACFDE /* XMLKey.swift */,
				BF9457B621CBB4DB005ACFDE /* XMLElement.swift */,
			);
			path = Auxiliaries;
			sourceTree = "<group>";
		};
		OBJ_15 /* Encoder */ = {
			isa = PBXGroup;
			children = (
				OBJ_16 /* EncodingErrorExtension.swift */,
				OBJ_17 /* XMLEncoder.swift */,
				OBJ_18 /* XMLEncodingStorage.swift */,
				OBJ_19 /* XMLKeyedEncodingContainer.swift */,
				OBJ_20 /* XMLReferencingEncoder.swift */,
				OBJ_21 /* XMLUnkeyedEncodingContainer.swift */,
			);
			path = Encoder;
			sourceTree = "<group>";
		};
		OBJ_25 /* Tests */ = {
			isa = PBXGroup;
			children = (
				OBJ_26 /* XMLCoderTests */,
			);
			name = Tests;
			sourceTree = SOURCE_ROOT;
		};
		OBJ_26 /* XMLCoderTests */ = {
			isa = PBXGroup;
			children = (
				OBJ_27 /* ArrayTest.swift */,
				OBJ_28 /* BooksTest.swift */,
				OBJ_29 /* BreakfastTest.swift */,
				OBJ_30 /* CDCatalog.swift */,
				OBJ_31 /* CDTest.swift */,
				OBJ_32 /* DictionaryTest.swift */,
				OBJ_33 /* NodeEncodingStrategyTests.swift */,
				OBJ_34 /* NoteTest.swift */,
				OBJ_35 /* PlantCatalog.swift */,
				OBJ_36 /* PlantTest.swift */,
				OBJ_37 /* RJITest.swift */,
				OBJ_38 /* RelationshipsTest.swift */,
				D1FC040421C7EF8200065B43 /* RJISample.swift */,
			);
			name = XMLCoderTests;
			path = Tests/XMLCoderTests;
			sourceTree = SOURCE_ROOT;
		};
		OBJ_40 /* Products */ = {
			isa = PBXGroup;
			children = (
				"XMLCoder::XMLCoderTests::Product" /* XMLCoderTests.xctest */,
				"XMLCoder::XMLCoder::Product" /* XMLCoder.framework */,
			);
			name = Products;
			sourceTree = BUILT_PRODUCTS_DIR;
		};
		OBJ_5 = {
			isa = PBXGroup;
			children = (
				OBJ_6 /* Package.swift */,
				OBJ_7 /* Sources */,
				OBJ_25 /* Tests */,
				OBJ_39 /* build */,
				OBJ_40 /* Products */,
			);
			sourceTree = "<group>";
		};
		OBJ_7 /* Sources */ = {
			isa = PBXGroup;
			children = (
				OBJ_8 /* XMLCoder */,
			);
			name = Sources;
			sourceTree = SOURCE_ROOT;
		};
		OBJ_8 /* XMLCoder */ = {
			isa = PBXGroup;
			children = (
				BF94578721CBB454005ACFDE /* Box */,
				OBJ_9 /* Decoder */,
				OBJ_15 /* Encoder */,
				BF9457B021CBB4DB005ACFDE /* Auxiliaries */,
			);
			name = XMLCoder;
			path = Sources/XMLCoder;
			sourceTree = SOURCE_ROOT;
		};
		OBJ_9 /* Decoder */ = {
			isa = PBXGroup;
			children = (
				OBJ_10 /* DecodingErrorExtension.swift */,
				OBJ_11 /* XMLDecoder.swift */,
				OBJ_12 /* XMLDecodingStorage.swift */,
				OBJ_13 /* XMLKeyedDecodingContainer.swift */,
				OBJ_14 /* XMLUnkeyedDecodingContainer.swift */,
			);
			path = Decoder;
			sourceTree = "<group>";
		};
/* End PBXGroup section */

/* Begin PBXNativeTarget section */
		"XMLCoder::SwiftPMPackageDescription" /* XMLCoderPackageDescription */ = {
			isa = PBXNativeTarget;
			buildConfigurationList = OBJ_64 /* Build configuration list for PBXNativeTarget "XMLCoderPackageDescription" */;
			buildPhases = (
				OBJ_67 /* Sources */,
			);
			buildRules = (
			);
			dependencies = (
			);
			name = XMLCoderPackageDescription;
			productName = XMLCoderPackageDescription;
			productType = "com.apple.product-type.framework";
		};
		"XMLCoder::XMLCoder" /* XMLCoder */ = {
			isa = PBXNativeTarget;
			buildConfigurationList = OBJ_44 /* Build configuration list for PBXNativeTarget "XMLCoder" */;
			buildPhases = (
				OBJ_47 /* Sources */,
				OBJ_62 /* Frameworks */,
			);
			buildRules = (
			);
			dependencies = (
			);
			name = XMLCoder;
			productName = XMLCoder;
			productReference = "XMLCoder::XMLCoder::Product" /* XMLCoder.framework */;
			productType = "com.apple.product-type.framework";
		};
		"XMLCoder::XMLCoderTests" /* XMLCoderTests */ = {
			isa = PBXNativeTarget;
			buildConfigurationList = OBJ_75 /* Build configuration list for PBXNativeTarget "XMLCoderTests" */;
			buildPhases = (
				OBJ_78 /* Sources */,
				OBJ_91 /* Frameworks */,
			);
			buildRules = (
			);
			dependencies = (
				OBJ_93 /* PBXTargetDependency */,
			);
			name = XMLCoderTests;
			productName = XMLCoderTests;
			productReference = "XMLCoder::XMLCoderTests::Product" /* XMLCoderTests.xctest */;
			productType = "com.apple.product-type.bundle.unit-test";
		};
/* End PBXNativeTarget section */

/* Begin PBXProject section */
		OBJ_1 /* Project object */ = {
			isa = PBXProject;
			attributes = {
				LastUpgradeCheck = 9999;
			};
			buildConfigurationList = OBJ_2 /* Build configuration list for PBXProject "XMLCoder" */;
			compatibilityVersion = "Xcode 3.2";
			developmentRegion = English;
			hasScannedForEncodings = 0;
			knownRegions = (
				en,
			);
			mainGroup = OBJ_5;
			productRefGroup = OBJ_40 /* Products */;
			projectDirPath = "";
			projectRoot = "";
			targets = (
				"XMLCoder::XMLCoder" /* XMLCoder */,
				"XMLCoder::SwiftPMPackageDescription" /* XMLCoderPackageDescription */,
				"XMLCoder::XMLCoderPackageTests::ProductTarget" /* XMLCoderPackageTests */,
				"XMLCoder::XMLCoderTests" /* XMLCoderTests */,
			);
		};
/* End PBXProject section */

/* Begin PBXSourcesBuildPhase section */
		OBJ_47 /* Sources */ = {
			isa = PBXSourcesBuildPhase;
			buildActionMask = 0;
			files = (
				BF9457B721CBB4DB005ACFDE /* XMLHeader.swift in Sources */,
				BF9457BB21CBB4DB005ACFDE /* XMLKey.swift in Sources */,
				OBJ_48 /* DecodingErrorExtension.swift in Sources */,
				OBJ_49 /* XMLDecoder.swift in Sources */,
				OBJ_50 /* XMLDecodingStorage.swift in Sources */,
				OBJ_51 /* XMLKeyedDecodingContainer.swift in Sources */,
				OBJ_52 /* XMLUnkeyedDecodingContainer.swift in Sources */,
				OBJ_53 /* EncodingErrorExtension.swift in Sources */,
				BF9457B921CBB4DB005ACFDE /* XMLStackParser.swift in Sources */,
				OBJ_54 /* XMLEncoder.swift in Sources */,
				BF9457BA21CBB4DB005ACFDE /* ISO8601DateFormatter.swift in Sources */,
				OBJ_55 /* XMLEncodingStorage.swift in Sources */,
				BF9457A721CBB498005ACFDE /* FloatingPointBox.swift in Sources */,
				BF9457AC21CBB498005ACFDE /* SignedIntegerBox.swift in Sources */,
				BF9457A921CBB498005ACFDE /* DictionaryBox.swift in Sources */,
				BF9457AD21CBB498005ACFDE /* BoolBox.swift in Sources */,
				BF9457A621CBB498005ACFDE /* UnsignedIntegerBox.swift in Sources */,
				BF9457B821CBB4DB005ACFDE /* String+Extensions.swift in Sources */,
				BF9457AE21CBB498005ACFDE /* Box.swift in Sources */,
				BF9457AB21CBB498005ACFDE /* DecimalBox.swift in Sources */,
				OBJ_56 /* XMLKeyedEncodingContainer.swift in Sources */,
				OBJ_57 /* XMLReferencingEncoder.swift in Sources */,
				BF9457BC21CBB4DB005ACFDE /* XMLElement.swift in Sources */,
				BF9457AA21CBB498005ACFDE /* ArrayBox.swift in Sources */,
				BF9457AF21CBB498005ACFDE /* StringBox.swift in Sources */,
				OBJ_58 /* XMLUnkeyedEncodingContainer.swift in Sources */,
				BF9457A821CBB498005ACFDE /* NullBox.swift in Sources */,
			);
			runOnlyForDeploymentPostprocessing = 0;
		};
		OBJ_67 /* Sources */ = {
			isa = PBXSourcesBuildPhase;
			buildActionMask = 0;
			files = (
				OBJ_68 /* Package.swift in Sources */,
			);
			runOnlyForDeploymentPostprocessing = 0;
		};
		OBJ_78 /* Sources */ = {
			isa = PBXSourcesBuildPhase;
			buildActionMask = 0;
			files = (
				D1FC040521C7EF8200065B43 /* RJISample.swift in Sources */,
				OBJ_79 /* ArrayTest.swift in Sources */,
				OBJ_80 /* BooksTest.swift in Sources */,
				OBJ_81 /* BreakfastTest.swift in Sources */,
				OBJ_82 /* CDCatalog.swift in Sources */,
				OBJ_83 /* CDTest.swift in Sources */,
				OBJ_84 /* DictionaryTest.swift in Sources */,
				OBJ_85 /* NodeEncodingStrategyTests.swift in Sources */,
				OBJ_86 /* NoteTest.swift in Sources */,
				OBJ_87 /* PlantCatalog.swift in Sources */,
				OBJ_88 /* PlantTest.swift in Sources */,
				OBJ_89 /* RJITest.swift in Sources */,
				OBJ_90 /* RelationshipsTest.swift in Sources */,
			);
			runOnlyForDeploymentPostprocessing = 0;
		};
/* End PBXSourcesBuildPhase section */

/* Begin PBXTargetDependency section */
		OBJ_73 /* PBXTargetDependency */ = {
			isa = PBXTargetDependency;
			target = "XMLCoder::XMLCoderTests" /* XMLCoderTests */;
			targetProxy = D1FC040321C7EF2300065B43 /* PBXContainerItemProxy */;
		};
		OBJ_93 /* PBXTargetDependency */ = {
			isa = PBXTargetDependency;
			target = "XMLCoder::XMLCoder" /* XMLCoder */;
			targetProxy = D1FC040221C7ED2300065B43 /* PBXContainerItemProxy */;
		};
/* End PBXTargetDependency section */

/* Begin XCBuildConfiguration section */
		OBJ_3 /* Debug */ = {
			isa = XCBuildConfiguration;
			buildSettings = {
				CLANG_ENABLE_OBJC_ARC = YES;
				COMBINE_HIDPI_IMAGES = YES;
				COPY_PHASE_STRIP = NO;
				DEBUG_INFORMATION_FORMAT = dwarf;
				DYLIB_INSTALL_NAME_BASE = "@rpath";
				ENABLE_NS_ASSERTIONS = YES;
				GCC_OPTIMIZATION_LEVEL = 0;
				GCC_PREPROCESSOR_DEFINITIONS = (
					"DEBUG=1",
					"$(inherited)",
				);
				IPHONEOS_DEPLOYMENT_TARGET = 9.0;
				MACOSX_DEPLOYMENT_TARGET = 10.10;
				ONLY_ACTIVE_ARCH = YES;
				OTHER_SWIFT_FLAGS = "-DXcode";
				PRODUCT_NAME = "$(TARGET_NAME)";
				SDKROOT = macosx;
				SUPPORTED_PLATFORMS = "macosx iphoneos iphonesimulator appletvos appletvsimulator watchos watchsimulator";
				SWIFT_ACTIVE_COMPILATION_CONDITIONS = "SWIFT_PACKAGE DEBUG";
				SWIFT_OPTIMIZATION_LEVEL = "-Onone";
				TVOS_DEPLOYMENT_TARGET = 9.0;
				USE_HEADERMAP = NO;
				WATCHOS_DEPLOYMENT_TARGET = 2.0;
			};
			name = Debug;
		};
		OBJ_4 /* Release */ = {
			isa = XCBuildConfiguration;
			buildSettings = {
				CLANG_ENABLE_OBJC_ARC = YES;
				COMBINE_HIDPI_IMAGES = YES;
				COPY_PHASE_STRIP = YES;
				DEBUG_INFORMATION_FORMAT = "dwarf-with-dsym";
				DYLIB_INSTALL_NAME_BASE = "@rpath";
				GCC_OPTIMIZATION_LEVEL = s;
				IPHONEOS_DEPLOYMENT_TARGET = 9.0;
				MACOSX_DEPLOYMENT_TARGET = 10.10;
				OTHER_SWIFT_FLAGS = "-DXcode";
				PRODUCT_NAME = "$(TARGET_NAME)";
				SDKROOT = macosx;
				SUPPORTED_PLATFORMS = "macosx iphoneos iphonesimulator appletvos appletvsimulator watchos watchsimulator";
				SWIFT_ACTIVE_COMPILATION_CONDITIONS = SWIFT_PACKAGE;
				SWIFT_OPTIMIZATION_LEVEL = "-Owholemodule";
				TVOS_DEPLOYMENT_TARGET = 9.0;
				USE_HEADERMAP = NO;
				WATCHOS_DEPLOYMENT_TARGET = 2.0;
			};
			name = Release;
		};
		OBJ_45 /* Debug */ = {
			isa = XCBuildConfiguration;
			buildSettings = {
				ENABLE_TESTABILITY = YES;
				FRAMEWORK_SEARCH_PATHS = (
					"$(inherited)",
					"$(PLATFORM_DIR)/Developer/Library/Frameworks",
				);
				HEADER_SEARCH_PATHS = "$(inherited)";
				INFOPLIST_FILE = XMLCoder.xcodeproj/XMLCoder_Info.plist;
				LD_RUNPATH_SEARCH_PATHS = "$(inherited) $(TOOLCHAIN_DIR)/usr/lib/swift/macosx";
				OTHER_CFLAGS = "$(inherited)";
				OTHER_LDFLAGS = "$(inherited)";
				OTHER_SWIFT_FLAGS = "$(inherited)";
				PRODUCT_BUNDLE_IDENTIFIER = XMLCoder;
				PRODUCT_MODULE_NAME = "$(TARGET_NAME:c99extidentifier)";
				PRODUCT_NAME = "$(TARGET_NAME:c99extidentifier)";
				SKIP_INSTALL = YES;
				SWIFT_ACTIVE_COMPILATION_CONDITIONS = "$(inherited)";
				SWIFT_VERSION = 4.0;
				TARGET_NAME = XMLCoder;
			};
			name = Debug;
		};
		OBJ_46 /* Release */ = {
			isa = XCBuildConfiguration;
			buildSettings = {
				ENABLE_TESTABILITY = YES;
				FRAMEWORK_SEARCH_PATHS = (
					"$(inherited)",
					"$(PLATFORM_DIR)/Developer/Library/Frameworks",
				);
				HEADER_SEARCH_PATHS = "$(inherited)";
				INFOPLIST_FILE = XMLCoder.xcodeproj/XMLCoder_Info.plist;
				LD_RUNPATH_SEARCH_PATHS = "$(inherited) $(TOOLCHAIN_DIR)/usr/lib/swift/macosx";
				OTHER_CFLAGS = "$(inherited)";
				OTHER_LDFLAGS = "$(inherited)";
				OTHER_SWIFT_FLAGS = "$(inherited)";
				PRODUCT_BUNDLE_IDENTIFIER = XMLCoder;
				PRODUCT_MODULE_NAME = "$(TARGET_NAME:c99extidentifier)";
				PRODUCT_NAME = "$(TARGET_NAME:c99extidentifier)";
				SKIP_INSTALL = YES;
				SWIFT_ACTIVE_COMPILATION_CONDITIONS = "$(inherited)";
				SWIFT_VERSION = 4.0;
				TARGET_NAME = XMLCoder;
			};
			name = Release;
		};
		OBJ_65 /* Debug */ = {
			isa = XCBuildConfiguration;
			buildSettings = {
				LD = /usr/bin/true;
				OTHER_SWIFT_FLAGS = "-swift-version 4 -I $(TOOLCHAIN_DIR)/usr/lib/swift/pm/4 -target x86_64-apple-macosx10.10 -sdk /Applications/Xcode.app/Contents/Developer/Platforms/MacOSX.platform/Developer/SDKs/MacOSX10.14.sdk";
				SWIFT_VERSION = 4.0;
			};
			name = Debug;
		};
		OBJ_66 /* Release */ = {
			isa = XCBuildConfiguration;
			buildSettings = {
				LD = /usr/bin/true;
				OTHER_SWIFT_FLAGS = "-swift-version 4 -I $(TOOLCHAIN_DIR)/usr/lib/swift/pm/4 -target x86_64-apple-macosx10.10 -sdk /Applications/Xcode.app/Contents/Developer/Platforms/MacOSX.platform/Developer/SDKs/MacOSX10.14.sdk";
				SWIFT_VERSION = 4.0;
			};
			name = Release;
		};
		OBJ_71 /* Debug */ = {
			isa = XCBuildConfiguration;
			buildSettings = {
			};
			name = Debug;
		};
		OBJ_72 /* Release */ = {
			isa = XCBuildConfiguration;
			buildSettings = {
			};
			name = Release;
		};
		OBJ_76 /* Debug */ = {
			isa = XCBuildConfiguration;
			buildSettings = {
				CLANG_ENABLE_MODULES = YES;
				EMBEDDED_CONTENT_CONTAINS_SWIFT = YES;
				FRAMEWORK_SEARCH_PATHS = (
					"$(inherited)",
					"$(PLATFORM_DIR)/Developer/Library/Frameworks",
				);
				HEADER_SEARCH_PATHS = "$(inherited)";
				INFOPLIST_FILE = XMLCoder.xcodeproj/XMLCoderTests_Info.plist;
				LD_RUNPATH_SEARCH_PATHS = "$(inherited) @loader_path/../Frameworks @loader_path/Frameworks";
				OTHER_CFLAGS = "$(inherited)";
				OTHER_LDFLAGS = "$(inherited)";
				OTHER_SWIFT_FLAGS = "$(inherited)";
				SWIFT_ACTIVE_COMPILATION_CONDITIONS = "$(inherited)";
				SWIFT_VERSION = 4.0;
				TARGET_NAME = XMLCoderTests;
			};
			name = Debug;
		};
		OBJ_77 /* Release */ = {
			isa = XCBuildConfiguration;
			buildSettings = {
				CLANG_ENABLE_MODULES = YES;
				EMBEDDED_CONTENT_CONTAINS_SWIFT = YES;
				FRAMEWORK_SEARCH_PATHS = (
					"$(inherited)",
					"$(PLATFORM_DIR)/Developer/Library/Frameworks",
				);
				HEADER_SEARCH_PATHS = "$(inherited)";
				INFOPLIST_FILE = XMLCoder.xcodeproj/XMLCoderTests_Info.plist;
				LD_RUNPATH_SEARCH_PATHS = "$(inherited) @loader_path/../Frameworks @loader_path/Frameworks";
				OTHER_CFLAGS = "$(inherited)";
				OTHER_LDFLAGS = "$(inherited)";
				OTHER_SWIFT_FLAGS = "$(inherited)";
				SWIFT_ACTIVE_COMPILATION_CONDITIONS = "$(inherited)";
				SWIFT_VERSION = 4.0;
				TARGET_NAME = XMLCoderTests;
			};
			name = Release;
		};
/* End XCBuildConfiguration section */

/* Begin XCConfigurationList section */
		OBJ_2 /* Build configuration list for PBXProject "XMLCoder" */ = {
			isa = XCConfigurationList;
			buildConfigurations = (
				OBJ_3 /* Debug */,
				OBJ_4 /* Release */,
			);
			defaultConfigurationIsVisible = 0;
			defaultConfigurationName = Release;
		};
		OBJ_44 /* Build configuration list for PBXNativeTarget "XMLCoder" */ = {
			isa = XCConfigurationList;
			buildConfigurations = (
				OBJ_45 /* Debug */,
				OBJ_46 /* Release */,
			);
			defaultConfigurationIsVisible = 0;
			defaultConfigurationName = Release;
		};
		OBJ_64 /* Build configuration list for PBXNativeTarget "XMLCoderPackageDescription" */ = {
			isa = XCConfigurationList;
			buildConfigurations = (
				OBJ_65 /* Debug */,
				OBJ_66 /* Release */,
			);
			defaultConfigurationIsVisible = 0;
			defaultConfigurationName = Release;
		};
		OBJ_70 /* Build configuration list for PBXAggregateTarget "XMLCoderPackageTests" */ = {
			isa = XCConfigurationList;
			buildConfigurations = (
				OBJ_71 /* Debug */,
				OBJ_72 /* Release */,
			);
			defaultConfigurationIsVisible = 0;
			defaultConfigurationName = Release;
		};
		OBJ_75 /* Build configuration list for PBXNativeTarget "XMLCoderTests" */ = {
			isa = XCConfigurationList;
			buildConfigurations = (
				OBJ_76 /* Debug */,
				OBJ_77 /* Release */,
			);
			defaultConfigurationIsVisible = 0;
			defaultConfigurationName = Release;
		};
/* End XCConfigurationList section */
	};
	rootObject = OBJ_1 /* Project object */;
}
